
Microsoft Visual Studio Solution File, Format Version 12.00
# Visual Studio Version 16
VisualStudioVersion = 16.0.29926.136
MinimumVisualStudioVersion = 10.0.40219.1
Project("{FAE04EC0-301F-11D3-BF4B-00C04F79EFBC}") = "FaceRecog", "FaceRecog\FaceRecog.csproj", "{B855B6EB-14F0-41C8-88E0-B0BF33A33155}"
EndProject
Global
	GlobalSection(SolutionConfigurationPlatforms) = preSolution
		Debug|Any CPU = Debug|Any CPU
		Release|Any CPU = Release|Any CPU
	EndGlobalSection
	GlobalSection(ProjectConfigurationPlatforms) = postSolution
		{B855B6EB-14F0-41C8-88E0-B0BF33A33155}.Debug|Any CPU.ActiveCfg = Debug|Any CPU
		{B855B6EB-14F0-41C8-88E0-B0BF33A33155}.Debug|Any CPU.Build.0 = Debug|Any CPU
		{B855B6EB-14F0-41C8-88E0-B0BF33A33155}.Release|Any CPU.ActiveCfg = Release|Any CPU
		{B855B6EB-14F0-41C8-88E0-B0BF33A33155}.Release|Any CPU.Build.0 = Release|Any CPU
	EndGlobalSection
	GlobalSection(SolutionProperties) = preSolution
		HideSolutionNode = FALSE
	EndGlobalSection
	GlobalSection(ExtensibilityGlobals) = postSolution
		SolutionGuid = {CB954E96-268E-43F3-B57E-4B6ED14B0AC3}
	EndGlobalSection
EndGlobal
