
Microsoft Visual Studio Solution File, Format Version 12.00
# Visual Studio Version 16
VisualStudioVersion = 16.0.29926.136
MinimumVisualStudioVersion = 10.0.40219.1
Project("{9A19103F-16F7-4668-BE54-9A1E7A4F7556}") = "Application", "FaceRecog\Application.csproj", "{B855B6EB-14F0-41C8-88E0-B0BF33A33155}"
EndProject
Project("{9A19103F-16F7-4668-BE54-9A1E7A4F7556}") = "Infrastructure.Tests", "UnitTests\Infrastructure.Tests.csproj", "{1B4FDBCE-A76A-45A8-9F1E-7D863CE09802}"
EndProject
Project("{2150E333-8FDC-42A3-9474-1A3956D46DE8}") = "Common", "Common", "{20AE21FC-8E7E-4C44-B319-6B1F8B0D0285}"
EndProject
Project("{2150E333-8FDC-42A3-9474-1A3956D46DE8}") = "Modules", "Modules", "{ABF1F3CB-DBAD-4EEF-A655-2D4ECBB64D53}"
EndProject
Project("{9A19103F-16F7-4668-BE54-9A1E7A4F7556}") = "Infrastructure", "Infrastructure\Infrastructure.csproj", "{81FB5388-4E2D-4F3A-A995-4F8273DDA3BD}"
EndProject
Project("{9A19103F-16F7-4668-BE54-9A1E7A4F7556}") = "WindowUI", "WindowUI\WindowUI.csproj", "{DEE4BAAE-82F5-4BD0-9021-71BA4C931D0B}"
EndProject
Project("{9A19103F-16F7-4668-BE54-9A1E7A4F7556}") = "NotifyBarUI", "NotifyBarUI\NotifyBarUI.csproj", "{A9A983ED-4C30-459D-ACF8-2CBD5CC24168}"
EndProject
Project("{2150E333-8FDC-42A3-9474-1A3956D46DE8}") = "Test", "Test", "{8BA6BD0F-78B2-4CFA-A7EE-98D79042B184}"
EndProject
Project("{9A19103F-16F7-4668-BE54-9A1E7A4F7556}") = "HeadPoseEstimationTest", "HeadPoseEstimationTest\HeadPoseEstimationTest.csproj", "{B71774FE-CC34-4F2E-B2B3-B4B86BA4AAD7}"
EndProject
Project("{9A19103F-16F7-4668-BE54-9A1E7A4F7556}") = "HeadPoseNormalizationTest", "HeadPoseNormalization\HeadPoseNormalizationTest.csproj", "{67930913-19F4-45A7-8A01-990F14A9A732}"
EndProject
Project("{2150E333-8FDC-42A3-9474-1A3956D46DE8}") = "Db", "Db", "{8E772A2F-249A-4BDF-8087-D82734C9EA25}"
EndProject
Project("{9A19103F-16F7-4668-BE54-9A1E7A4F7556}") = "DbMigrations", "DbMigrations\DbMigrations.csproj", "{7AB76F2B-5389-4C37-BA16-6BAC604A4174}"
EndProject
Project("{9A19103F-16F7-4668-BE54-9A1E7A4F7556}") = "WMonitorAlghorithmTest", "WMonitorAlghorithmTest\WMonitorAlghorithmTest.csproj", "{9C46AF0E-42AB-4812-80B8-7B350CC81A18}"
EndProject
Project("{9A19103F-16F7-4668-BE54-9A1E7A4F7556}") = "MouseKeyboardMonitorServiceTest", "MouseKeyboardMonitorServiceTest\MouseKeyboardMonitorServiceTest.csproj", "{02A91815-0CFF-4FBC-842C-7685000D5F90}"
EndProject
Project("{9A19103F-16F7-4668-BE54-9A1E7A4F7556}") = "Domain", "Domain\Domain.csproj", "{47BECD81-825E-41A5-AAE8-AA4013FC759B}"
EndProject
Project("{9A19103F-16F7-4668-BE54-9A1E7A4F7556}") = "WorkTimeAlghorithm", "WorkTimeAlghorithm\WorkTimeAlghorithm.csproj", "{891D8B91-F579-4070-8C86-539F042143E0}"
EndProject
Project("{9A19103F-16F7-4668-BE54-9A1E7A4F7556}") = "Domain.UnitTests", "Domain.UnitTests\Domain.UnitTests.csproj", "{39330452-FFED-4FC8-BD7C-09FD617D0572}"
EndProject
Project("{9A19103F-16F7-4668-BE54-9A1E7A4F7556}") = "WorkTimeAlghorithm.UnitTests", "WorkTimeAlghorithm.UnitTests\WorkTimeAlghorithm.UnitTests.csproj", "{B3F59689-C824-4890-8D4F-E10B42CAD2C7}"
EndProject
Project("{9A19103F-16F7-4668-BE54-9A1E7A4F7556}") = "DomainTestUtils", "CommonTestUtils\DomainTestUtils.csproj", "{F5C47C8B-2F1E-40BC-97AC-E42090E63DBD}"
EndProject
Project("{2150E333-8FDC-42A3-9474-1A3956D46DE8}") = "TestApps", "TestApps", "{91F030E2-1B56-4363-8013-7F99788B5DF8}"
EndProject
Global
	GlobalSection(SolutionConfigurationPlatforms) = preSolution
		Debug|Any CPU = Debug|Any CPU
		Debug|x64 = Debug|x64
		Release|Any CPU = Release|Any CPU
		Release|x64 = Release|x64
	EndGlobalSection
	GlobalSection(ProjectConfigurationPlatforms) = postSolution
		{B855B6EB-14F0-41C8-88E0-B0BF33A33155}.Debug|Any CPU.ActiveCfg = Debug|Any CPU
		{B855B6EB-14F0-41C8-88E0-B0BF33A33155}.Debug|Any CPU.Build.0 = Debug|Any CPU
		{B855B6EB-14F0-41C8-88E0-B0BF33A33155}.Debug|x64.ActiveCfg = Debug|x64
		{B855B6EB-14F0-41C8-88E0-B0BF33A33155}.Debug|x64.Build.0 = Debug|x64
		{B855B6EB-14F0-41C8-88E0-B0BF33A33155}.Release|Any CPU.ActiveCfg = Release|Any CPU
		{B855B6EB-14F0-41C8-88E0-B0BF33A33155}.Release|Any CPU.Build.0 = Release|Any CPU
		{B855B6EB-14F0-41C8-88E0-B0BF33A33155}.Release|x64.ActiveCfg = Release|x64
		{B855B6EB-14F0-41C8-88E0-B0BF33A33155}.Release|x64.Build.0 = Release|x64
		{1B4FDBCE-A76A-45A8-9F1E-7D863CE09802}.Debug|Any CPU.ActiveCfg = Debug|x64
		{1B4FDBCE-A76A-45A8-9F1E-7D863CE09802}.Debug|x64.ActiveCfg = Debug|x64
		{1B4FDBCE-A76A-45A8-9F1E-7D863CE09802}.Debug|x64.Build.0 = Debug|x64
		{1B4FDBCE-A76A-45A8-9F1E-7D863CE09802}.Release|Any CPU.ActiveCfg = Release|x64
		{1B4FDBCE-A76A-45A8-9F1E-7D863CE09802}.Release|x64.ActiveCfg = Release|x64
		{1B4FDBCE-A76A-45A8-9F1E-7D863CE09802}.Release|x64.Build.0 = Release|x64
		{81FB5388-4E2D-4F3A-A995-4F8273DDA3BD}.Debug|Any CPU.ActiveCfg = Debug|x64
		{81FB5388-4E2D-4F3A-A995-4F8273DDA3BD}.Debug|x64.ActiveCfg = Debug|x64
		{81FB5388-4E2D-4F3A-A995-4F8273DDA3BD}.Debug|x64.Build.0 = Debug|x64
		{81FB5388-4E2D-4F3A-A995-4F8273DDA3BD}.Release|Any CPU.ActiveCfg = Release|x64
		{81FB5388-4E2D-4F3A-A995-4F8273DDA3BD}.Release|x64.ActiveCfg = Release|x64
		{81FB5388-4E2D-4F3A-A995-4F8273DDA3BD}.Release|x64.Build.0 = Release|x64
		{DEE4BAAE-82F5-4BD0-9021-71BA4C931D0B}.Debug|Any CPU.ActiveCfg = Debug|Any CPU
		{DEE4BAAE-82F5-4BD0-9021-71BA4C931D0B}.Debug|Any CPU.Build.0 = Debug|Any CPU
		{DEE4BAAE-82F5-4BD0-9021-71BA4C931D0B}.Debug|x64.ActiveCfg = Debug|x64
		{DEE4BAAE-82F5-4BD0-9021-71BA4C931D0B}.Debug|x64.Build.0 = Debug|x64
		{DEE4BAAE-82F5-4BD0-9021-71BA4C931D0B}.Release|Any CPU.ActiveCfg = Release|Any CPU
		{DEE4BAAE-82F5-4BD0-9021-71BA4C931D0B}.Release|Any CPU.Build.0 = Release|Any CPU
		{DEE4BAAE-82F5-4BD0-9021-71BA4C931D0B}.Release|x64.ActiveCfg = Release|Any CPU
		{DEE4BAAE-82F5-4BD0-9021-71BA4C931D0B}.Release|x64.Build.0 = Release|Any CPU
		{A9A983ED-4C30-459D-ACF8-2CBD5CC24168}.Debug|Any CPU.ActiveCfg = Debug|Any CPU
		{A9A983ED-4C30-459D-ACF8-2CBD5CC24168}.Debug|Any CPU.Build.0 = Debug|Any CPU
		{A9A983ED-4C30-459D-ACF8-2CBD5CC24168}.Debug|x64.ActiveCfg = Debug|x64
		{A9A983ED-4C30-459D-ACF8-2CBD5CC24168}.Debug|x64.Build.0 = Debug|x64
		{A9A983ED-4C30-459D-ACF8-2CBD5CC24168}.Release|Any CPU.ActiveCfg = Release|Any CPU
		{A9A983ED-4C30-459D-ACF8-2CBD5CC24168}.Release|Any CPU.Build.0 = Release|Any CPU
		{A9A983ED-4C30-459D-ACF8-2CBD5CC24168}.Release|x64.ActiveCfg = Release|Any CPU
		{A9A983ED-4C30-459D-ACF8-2CBD5CC24168}.Release|x64.Build.0 = Release|Any CPU
		{B71774FE-CC34-4F2E-B2B3-B4B86BA4AAD7}.Debug|Any CPU.ActiveCfg = Debug|Any CPU
		{B71774FE-CC34-4F2E-B2B3-B4B86BA4AAD7}.Debug|Any CPU.Build.0 = Debug|Any CPU
		{B71774FE-CC34-4F2E-B2B3-B4B86BA4AAD7}.Debug|x64.ActiveCfg = Debug|Any CPU
		{B71774FE-CC34-4F2E-B2B3-B4B86BA4AAD7}.Debug|x64.Build.0 = Debug|Any CPU
		{B71774FE-CC34-4F2E-B2B3-B4B86BA4AAD7}.Release|Any CPU.ActiveCfg = Release|Any CPU
		{B71774FE-CC34-4F2E-B2B3-B4B86BA4AAD7}.Release|Any CPU.Build.0 = Release|Any CPU
		{B71774FE-CC34-4F2E-B2B3-B4B86BA4AAD7}.Release|x64.ActiveCfg = Release|Any CPU
		{B71774FE-CC34-4F2E-B2B3-B4B86BA4AAD7}.Release|x64.Build.0 = Release|Any CPU
		{67930913-19F4-45A7-8A01-990F14A9A732}.Debug|Any CPU.ActiveCfg = Debug|Any CPU
		{67930913-19F4-45A7-8A01-990F14A9A732}.Debug|Any CPU.Build.0 = Debug|Any CPU
		{67930913-19F4-45A7-8A01-990F14A9A732}.Debug|x64.ActiveCfg = Debug|Any CPU
		{67930913-19F4-45A7-8A01-990F14A9A732}.Debug|x64.Build.0 = Debug|Any CPU
		{67930913-19F4-45A7-8A01-990F14A9A732}.Release|Any CPU.ActiveCfg = Release|Any CPU
		{67930913-19F4-45A7-8A01-990F14A9A732}.Release|Any CPU.Build.0 = Release|Any CPU
		{67930913-19F4-45A7-8A01-990F14A9A732}.Release|x64.ActiveCfg = Release|Any CPU
		{67930913-19F4-45A7-8A01-990F14A9A732}.Release|x64.Build.0 = Release|Any CPU
		{7AB76F2B-5389-4C37-BA16-6BAC604A4174}.Debug|Any CPU.ActiveCfg = Debug|Any CPU
		{7AB76F2B-5389-4C37-BA16-6BAC604A4174}.Debug|Any CPU.Build.0 = Debug|Any CPU
		{7AB76F2B-5389-4C37-BA16-6BAC604A4174}.Debug|x64.ActiveCfg = Debug|Any CPU
		{7AB76F2B-5389-4C37-BA16-6BAC604A4174}.Debug|x64.Build.0 = Debug|Any CPU
		{7AB76F2B-5389-4C37-BA16-6BAC604A4174}.Release|Any CPU.ActiveCfg = Release|Any CPU
		{7AB76F2B-5389-4C37-BA16-6BAC604A4174}.Release|Any CPU.Build.0 = Release|Any CPU
		{7AB76F2B-5389-4C37-BA16-6BAC604A4174}.Release|x64.ActiveCfg = Release|Any CPU
		{7AB76F2B-5389-4C37-BA16-6BAC604A4174}.Release|x64.Build.0 = Release|Any CPU
		{9C46AF0E-42AB-4812-80B8-7B350CC81A18}.Debug|Any CPU.ActiveCfg = Debug|Any CPU
		{9C46AF0E-42AB-4812-80B8-7B350CC81A18}.Debug|Any CPU.Build.0 = Debug|Any CPU
		{9C46AF0E-42AB-4812-80B8-7B350CC81A18}.Debug|x64.ActiveCfg = Debug|Any CPU
		{9C46AF0E-42AB-4812-80B8-7B350CC81A18}.Debug|x64.Build.0 = Debug|Any CPU
		{9C46AF0E-42AB-4812-80B8-7B350CC81A18}.Release|Any CPU.ActiveCfg = Release|Any CPU
		{9C46AF0E-42AB-4812-80B8-7B350CC81A18}.Release|Any CPU.Build.0 = Release|Any CPU
		{9C46AF0E-42AB-4812-80B8-7B350CC81A18}.Release|x64.ActiveCfg = Release|Any CPU
		{9C46AF0E-42AB-4812-80B8-7B350CC81A18}.Release|x64.Build.0 = Release|Any CPU
		{02A91815-0CFF-4FBC-842C-7685000D5F90}.Debug|Any CPU.ActiveCfg = Debug|Any CPU
		{02A91815-0CFF-4FBC-842C-7685000D5F90}.Debug|Any CPU.Build.0 = Debug|Any CPU
		{02A91815-0CFF-4FBC-842C-7685000D5F90}.Debug|x64.ActiveCfg = Debug|Any CPU
		{02A91815-0CFF-4FBC-842C-7685000D5F90}.Debug|x64.Build.0 = Debug|Any CPU
		{02A91815-0CFF-4FBC-842C-7685000D5F90}.Release|Any CPU.ActiveCfg = Release|Any CPU
		{02A91815-0CFF-4FBC-842C-7685000D5F90}.Release|Any CPU.Build.0 = Release|Any CPU
		{02A91815-0CFF-4FBC-842C-7685000D5F90}.Release|x64.ActiveCfg = Release|Any CPU
		{02A91815-0CFF-4FBC-842C-7685000D5F90}.Release|x64.Build.0 = Release|Any CPU
		{47BECD81-825E-41A5-AAE8-AA4013FC759B}.Debug|Any CPU.ActiveCfg = Debug|Any CPU
		{47BECD81-825E-41A5-AAE8-AA4013FC759B}.Debug|Any CPU.Build.0 = Debug|Any CPU
		{47BECD81-825E-41A5-AAE8-AA4013FC759B}.Debug|x64.ActiveCfg = Debug|Any CPU
		{47BECD81-825E-41A5-AAE8-AA4013FC759B}.Debug|x64.Build.0 = Debug|Any CPU
		{47BECD81-825E-41A5-AAE8-AA4013FC759B}.Release|Any CPU.ActiveCfg = Release|Any CPU
		{47BECD81-825E-41A5-AAE8-AA4013FC759B}.Release|Any CPU.Build.0 = Release|Any CPU
		{47BECD81-825E-41A5-AAE8-AA4013FC759B}.Release|x64.ActiveCfg = Release|Any CPU
		{47BECD81-825E-41A5-AAE8-AA4013FC759B}.Release|x64.Build.0 = Release|Any CPU
		{891D8B91-F579-4070-8C86-539F042143E0}.Debug|Any CPU.ActiveCfg = Debug|x64
		{891D8B91-F579-4070-8C86-539F042143E0}.Debug|x64.ActiveCfg = Debug|x64
		{891D8B91-F579-4070-8C86-539F042143E0}.Debug|x64.Build.0 = Debug|x64
		{891D8B91-F579-4070-8C86-539F042143E0}.Release|Any CPU.ActiveCfg = Release|x64
		{891D8B91-F579-4070-8C86-539F042143E0}.Release|x64.ActiveCfg = Release|x64
		{891D8B91-F579-4070-8C86-539F042143E0}.Release|x64.Build.0 = Release|x64
		{39330452-FFED-4FC8-BD7C-09FD617D0572}.Debug|Any CPU.ActiveCfg = Debug|Any CPU
		{39330452-FFED-4FC8-BD7C-09FD617D0572}.Debug|Any CPU.Build.0 = Debug|Any CPU
		{39330452-FFED-4FC8-BD7C-09FD617D0572}.Debug|x64.ActiveCfg = Debug|Any CPU
		{39330452-FFED-4FC8-BD7C-09FD617D0572}.Debug|x64.Build.0 = Debug|Any CPU
		{39330452-FFED-4FC8-BD7C-09FD617D0572}.Release|Any CPU.ActiveCfg = Release|Any CPU
		{39330452-FFED-4FC8-BD7C-09FD617D0572}.Release|Any CPU.Build.0 = Release|Any CPU
		{39330452-FFED-4FC8-BD7C-09FD617D0572}.Release|x64.ActiveCfg = Release|Any CPU
		{39330452-FFED-4FC8-BD7C-09FD617D0572}.Release|x64.Build.0 = Release|Any CPU
		{B3F59689-C824-4890-8D4F-E10B42CAD2C7}.Debug|Any CPU.ActiveCfg = Debug|Any CPU
		{B3F59689-C824-4890-8D4F-E10B42CAD2C7}.Debug|Any CPU.Build.0 = Debug|Any CPU
		{B3F59689-C824-4890-8D4F-E10B42CAD2C7}.Debug|x64.ActiveCfg = Debug|Any CPU
		{B3F59689-C824-4890-8D4F-E10B42CAD2C7}.Debug|x64.Build.0 = Debug|Any CPU
		{B3F59689-C824-4890-8D4F-E10B42CAD2C7}.Release|Any CPU.ActiveCfg = Release|Any CPU
		{B3F59689-C824-4890-8D4F-E10B42CAD2C7}.Release|Any CPU.Build.0 = Release|Any CPU
		{B3F59689-C824-4890-8D4F-E10B42CAD2C7}.Release|x64.ActiveCfg = Release|Any CPU
		{B3F59689-C824-4890-8D4F-E10B42CAD2C7}.Release|x64.Build.0 = Release|Any CPU
		{F5C47C8B-2F1E-40BC-97AC-E42090E63DBD}.Debug|Any CPU.ActiveCfg = Debug|Any CPU
		{F5C47C8B-2F1E-40BC-97AC-E42090E63DBD}.Debug|Any CPU.Build.0 = Debug|Any CPU
		{F5C47C8B-2F1E-40BC-97AC-E42090E63DBD}.Debug|x64.ActiveCfg = Debug|Any CPU
		{F5C47C8B-2F1E-40BC-97AC-E42090E63DBD}.Debug|x64.Build.0 = Debug|Any CPU
		{F5C47C8B-2F1E-40BC-97AC-E42090E63DBD}.Release|Any CPU.ActiveCfg = Release|Any CPU
		{F5C47C8B-2F1E-40BC-97AC-E42090E63DBD}.Release|Any CPU.Build.0 = Release|Any CPU
		{F5C47C8B-2F1E-40BC-97AC-E42090E63DBD}.Release|x64.ActiveCfg = Release|Any CPU
		{F5C47C8B-2F1E-40BC-97AC-E42090E63DBD}.Release|x64.Build.0 = Release|Any CPU
	EndGlobalSection
	GlobalSection(SolutionProperties) = preSolution
		HideSolutionNode = FALSE
	EndGlobalSection
	GlobalSection(NestedProjects) = preSolution
		{1B4FDBCE-A76A-45A8-9F1E-7D863CE09802} = {8BA6BD0F-78B2-4CFA-A7EE-98D79042B184}
		{81FB5388-4E2D-4F3A-A995-4F8273DDA3BD} = {20AE21FC-8E7E-4C44-B319-6B1F8B0D0285}
		{DEE4BAAE-82F5-4BD0-9021-71BA4C931D0B} = {ABF1F3CB-DBAD-4EEF-A655-2D4ECBB64D53}
		{A9A983ED-4C30-459D-ACF8-2CBD5CC24168} = {ABF1F3CB-DBAD-4EEF-A655-2D4ECBB64D53}
		{B71774FE-CC34-4F2E-B2B3-B4B86BA4AAD7} = {91F030E2-1B56-4363-8013-7F99788B5DF8}
		{67930913-19F4-45A7-8A01-990F14A9A732} = {91F030E2-1B56-4363-8013-7F99788B5DF8}
		{7AB76F2B-5389-4C37-BA16-6BAC604A4174} = {8E772A2F-249A-4BDF-8087-D82734C9EA25}
		{9C46AF0E-42AB-4812-80B8-7B350CC81A18} = {91F030E2-1B56-4363-8013-7F99788B5DF8}
		{02A91815-0CFF-4FBC-842C-7685000D5F90} = {91F030E2-1B56-4363-8013-7F99788B5DF8}
		{47BECD81-825E-41A5-AAE8-AA4013FC759B} = {20AE21FC-8E7E-4C44-B319-6B1F8B0D0285}
		{891D8B91-F579-4070-8C86-539F042143E0} = {20AE21FC-8E7E-4C44-B319-6B1F8B0D0285}
		{39330452-FFED-4FC8-BD7C-09FD617D0572} = {8BA6BD0F-78B2-4CFA-A7EE-98D79042B184}
		{B3F59689-C824-4890-8D4F-E10B42CAD2C7} = {8BA6BD0F-78B2-4CFA-A7EE-98D79042B184}
		{F5C47C8B-2F1E-40BC-97AC-E42090E63DBD} = {8BA6BD0F-78B2-4CFA-A7EE-98D79042B184}
	EndGlobalSection
	GlobalSection(ExtensibilityGlobals) = postSolution
		SolutionGuid = {CB954E96-268E-43F3-B57E-4B6ED14B0AC3}
	EndGlobalSection
EndGlobal
